{
	"name": "@jovotech/cli-core",
	"version": "1.0.0",
	"lockfileVersion": 1,
	"requires": true,
	"dependencies": {
		"jovo-model": {
			"version": "3.0.1",
			"resolved": "https://registry.npmjs.org/jovo-model/-/jovo-model-3.0.1.tgz",
			"integrity": "sha512-HKqOTPRcrso0sZt8tXXCocuvd9mElkJ+TYyZYtKI6A3FVurGOtDtDIPtjp4NjcSofL61+EYuvcFje+j5gzlFNg==",
			"requires": {
				"lodash.has": "^4.5.2"
			},
			"dependencies": {
				"lodash.has": {
					"version": "4.5.2",
					"resolved": "https://registry.npmjs.org/lodash.has/-/lodash.has-4.5.2.tgz",
					"integrity": "sha1-0Z9NwQlQWMzL4rDN9O4P5Ko3yGI="
				}
			}
		}
	}
}
