{
  "name": "jovo-cli-platform-alexa",
  "version": "3.0.16",
  "lockfileVersion": 1,
  "requires": true,
  "dependencies": {
    "jovo-model": {
      "version": "0.1.13",
      "resolved": "https://registry.npmjs.org/jovo-model/-/jovo-model-0.1.13.tgz",
      "integrity": "sha512-OE/S3nlLQNr7u3a9V59pv3UyG9fiLgarxj8l/ueqzrqcnOywfXaRgB6zR8vFkBk2JAv0raJga4o/0rDPkc6Q4A==",
      "requires": {
        "lodash.has": "^4.5.2"
      }
    },
    "jovo-model-alexa": {
      "version": "0.1.13",
      "resolved": "https://registry.npmjs.org/jovo-model-alexa/-/jovo-model-alexa-0.1.13.tgz",
      "integrity": "sha512-m8Yy047R5+SrvRU0eLwmjmIGe2jc3DTFoB46xWA7foYnFwOLbz3b3uN9RrxJc69LE6rCYQG2OekfuLb42Ht8JQ==",
      "requires": {
        "jovo-model": "^0.1.13"
      }
    },
    "lodash.has": {
      "version": "4.5.2",
      "resolved": "https://registry.npmjs.org/lodash.has/-/lodash.has-4.5.2.tgz",
      "integrity": "sha1-0Z9NwQlQWMzL4rDN9O4P5Ko3yGI="
    }
  }
}
