{
	"name": "@jovotech/cli-command-new",
	"version": "4.1.4",
	"lockfileVersion": 1,
	"requires": true,
	"dependencies": {
		"@types/lodash.pick": {
			"version": "4.4.6",
			"resolved": "https://registry.npmjs.org/@types/lodash.pick/-/lodash.pick-4.4.6.tgz",
			"integrity": "sha512-u8bzA16qQ+8dY280z3aK7PoWb3fzX5ATJ0rJB6F+uqchOX2VYF02Aqa+8aYiHiHgPzQiITqCgeimlyKFy4OA6g==",
			"dev": true,
			"requires": {
				"@types/lodash": "*"
			},
			"dependencies": {
				"@types/lodash": {
					"version": "4.14.178",
					"resolved": "https://registry.npmjs.org/@types/lodash/-/lodash-4.14.178.tgz",
					"integrity": "sha512-0d5Wd09ItQWH1qFbEyQ7oTQ3GZrMfth5JkbN3EvTKLXcHLRDSXeLnlvlOn0wvxVIwK5o2M8JzP/OWz7T3NRsbw==",
					"dev": true
				}
			}
		}
	}
}
